{
  "version": 4,
  "terraform_version": "0.13.0",
  "serial": 24,
  "lineage": "ce140bdc-471f-4baf-cc38-5aec7e44f0c1",
  "outputs": {},
  "resources": [
    {
      "mode": "managed",
      "type": "aws_iam_user",
      "name": "allUserList",
      "provider": "provider[\"registry.terraform.io/hashicorp/aws\"]",
      "instances": [
        {
          "index_key": "Jacob",
          "schema_version": 0,
          "attributes": {
            "arn": "arn:aws:iam::190806194396:user/system/Jacob",
            "force_destroy": false,
            "id": "Jacob",
            "name": "Jacob",
            "path": "/system/",
            "permissions_boundary": null,
            "tags": null,
            "unique_id": "AIDASY3HPPDOFTKBTMXJE"
          },
          "private": "bnVsbA=="
        },
        {
          "index_key": "John",
          "schema_version": 0,
          "attributes": {
            "arn": "arn:aws:iam::190806194396:user/system/John",
            "force_destroy": false,
            "id": "John",
            "name": "John",
            "path": "/system/",
            "permissions_boundary": null,
            "tags": null,
            "unique_id": "AIDASY3HPPDOGPOLQEM7V"
          },
          "private": "bnVsbA=="
        },
        {
          "index_key": "Luke",
          "schema_version": 0,
          "attributes": {
            "arn": "arn:aws:iam::190806194396:user/system/Luke",
            "force_destroy": false,
            "id": "Luke",
            "name": "Luke",
            "path": "/system/",
            "permissions_boundary": null,
            "tags": null,
            "unique_id": "AIDASY3HPPDOEUCZRPJ7V"
          },
          "private": "bnVsbA=="
        },
        {
          "index_key": "Randy",
          "schema_version": 0,
          "attributes": {
            "arn": "arn:aws:iam::190806194396:user/system/Randy",
            "force_destroy": false,
            "id": "Randy",
            "name": "Randy",
            "path": "/system/",
            "permissions_boundary": null,
            "tags": null,
            "unique_id": "AIDASY3HPPDOCCOHBU5F4"
          },
          "private": "bnVsbA=="
        },
        {
          "index_key": "User1",
          "schema_version": 0,
          "attributes": {
            "arn": "arn:aws:iam::190806194396:user/system/User1",
            "force_destroy": false,
            "id": "User1",
            "name": "User1",
            "path": "/system/",
            "permissions_boundary": null,
            "tags": null,
            "unique_id": "AIDASY3HPPDOGNXLOLD4K"
          },
          "private": "bnVsbA=="
        },
        {
          "index_key": "User10",
          "schema_version": 0,
          "attributes": {
            "arn": "arn:aws:iam::190806194396:user/system/User10",
            "force_destroy": false,
            "id": "User10",
            "name": "User10",
            "path": "/system/",
            "permissions_boundary": null,
            "tags": null,
            "unique_id": "AIDASY3HPPDOJZP5RVHBD"
          },
          "private": "bnVsbA=="
        },
        {
          "index_key": "User11",
          "schema_version": 0,
          "attributes": {
            "arn": "arn:aws:iam::190806194396:user/system/User11",
            "force_destroy": false,
            "id": "User11",
            "name": "User11",
            "path": "/system/",
            "permissions_boundary": null,
            "tags": null,
            "unique_id": "AIDASY3HPPDOMI6TJX7IU"
          },
          "private": "bnVsbA=="
        },
        {
          "index_key": "User12",
          "schema_version": 0,
          "attributes": {
            "arn": "arn:aws:iam::190806194396:user/system/User12",
            "force_destroy": false,
            "id": "User12",
            "name": "User12",
            "path": "/system/",
            "permissions_boundary": null,
            "tags": null,
            "unique_id": "AIDASY3HPPDOD6ZUXHVOS"
          },
          "private": "bnVsbA=="
        },
        {
          "index_key": "User13",
          "schema_version": 0,
          "attributes": {
            "arn": "arn:aws:iam::190806194396:user/system/User13",
            "force_destroy": false,
            "id": "User13",
            "name": "User13",
            "path": "/system/",
            "permissions_boundary": null,
            "tags": null,
            "unique_id": "AIDASY3HPPDOCUH3VGI35"
          },
          "private": "bnVsbA=="
        },
        {
          "index_key": "User14",
          "schema_version": 0,
          "attributes": {
            "arn": "arn:aws:iam::190806194396:user/system/User14",
            "force_destroy": false,
            "id": "User14",
            "name": "User14",
            "path": "/system/",
            "permissions_boundary": null,
            "tags": null,
            "unique_id": "AIDASY3HPPDONL7AFN2JK"
          },
          "private": "bnVsbA=="
        },
        {
          "index_key": "User15",
          "schema_version": 0,
          "attributes": {
            "arn": "arn:aws:iam::190806194396:user/system/User15",
            "force_destroy": false,
            "id": "User15",
            "name": "User15",
            "path": "/system/",
            "permissions_boundary": null,
            "tags": null,
            "unique_id": "AIDASY3HPPDOFPIZCBXCQ"
          },
          "private": "bnVsbA=="
        },
        {
          "index_key": "User16",
          "schema_version": 0,
          "attributes": {
            "arn": "arn:aws:iam::190806194396:user/system/User16",
            "force_destroy": false,
            "id": "User16",
            "name": "User16",
            "path": "/system/",
            "permissions_boundary": null,
            "tags": null,
            "unique_id": "AIDASY3HPPDOLMMHYGYPR"
          },
          "private": "bnVsbA=="
        },
        {
          "index_key": "User17",
          "schema_version": 0,
          "attributes": {
            "arn": "arn:aws:iam::190806194396:user/system/User17",
            "force_destroy": false,
            "id": "User17",
            "name": "User17",
            "path": "/system/",
            "permissions_boundary": null,
            "tags": null,
            "unique_id": "AIDASY3HPPDOJG4VDQXNP"
          },
          "private": "bnVsbA=="
        },
        {
          "index_key": "User18",
          "schema_version": 0,
          "attributes": {
            "arn": "arn:aws:iam::190806194396:user/system/User18",
            "force_destroy": false,
            "id": "User18",
            "name": "User18",
            "path": "/system/",
            "permissions_boundary": null,
            "tags": null,
            "unique_id": "AIDASY3HPPDOOVBEBADEG"
          },
          "private": "bnVsbA=="
        },
        {
          "index_key": "User19",
          "schema_version": 0,
          "attributes": {
            "arn": "arn:aws:iam::190806194396:user/system/User19",
            "force_destroy": false,
            "id": "User19",
            "name": "User19",
            "path": "/system/",
            "permissions_boundary": null,
            "tags": null,
            "unique_id": "AIDASY3HPPDOAFC3IFW67"
          },
          "private": "bnVsbA=="
        },
        {
          "index_key": "User2",
          "schema_version": 0,
          "attributes": {
            "arn": "arn:aws:iam::190806194396:user/system/User2",
            "force_destroy": false,
            "id": "User2",
            "name": "User2",
            "path": "/system/",
            "permissions_boundary": null,
            "tags": null,
            "unique_id": "AIDASY3HPPDOM7KIGG3NW"
          },
          "private": "bnVsbA=="
        },
        {
          "index_key": "User20",
          "schema_version": 0,
          "attributes": {
            "arn": "arn:aws:iam::190806194396:user/system/User20",
            "force_destroy": false,
            "id": "User20",
            "name": "User20",
            "path": "/system/",
            "permissions_boundary": null,
            "tags": null,
            "unique_id": "AIDASY3HPPDOCQPUFLS4H"
          },
          "private": "bnVsbA=="
        },
        {
          "index_key": "User3",
          "schema_version": 0,
          "attributes": {
            "arn": "arn:aws:iam::190806194396:user/system/User3",
            "force_destroy": false,
            "id": "User3",
            "name": "User3",
            "path": "/system/",
            "permissions_boundary": null,
            "tags": null,
            "unique_id": "AIDASY3HPPDOF2UTSLJYZ"
          },
          "private": "bnVsbA=="
        },
        {
          "index_key": "User4",
          "schema_version": 0,
          "attributes": {
            "arn": "arn:aws:iam::190806194396:user/system/User4",
            "force_destroy": false,
            "id": "User4",
            "name": "User4",
            "path": "/system/",
            "permissions_boundary": null,
            "tags": null,
            "unique_id": "AIDASY3HPPDODIGFVCOKW"
          },
          "private": "bnVsbA=="
        },
        {
          "index_key": "User5",
          "schema_version": 0,
          "attributes": {
            "arn": "arn:aws:iam::190806194396:user/system/User5",
            "force_destroy": false,
            "id": "User5",
            "name": "User5",
            "path": "/system/",
            "permissions_boundary": null,
            "tags": null,
            "unique_id": "AIDASY3HPPDOH4EZOLNVQ"
          },
          "private": "bnVsbA=="
        },
        {
          "index_key": "User6",
          "schema_version": 0,
          "attributes": {
            "arn": "arn:aws:iam::190806194396:user/system/User6",
            "force_destroy": false,
            "id": "User6",
            "name": "User6",
            "path": "/system/",
            "permissions_boundary": null,
            "tags": null,
            "unique_id": "AIDASY3HPPDONFL5NHC6Y"
          },
          "private": "bnVsbA=="
        },
        {
          "index_key": "User7",
          "schema_version": 0,
          "attributes": {
            "arn": "arn:aws:iam::190806194396:user/system/User7",
            "force_destroy": false,
            "id": "User7",
            "name": "User7",
            "path": "/system/",
            "permissions_boundary": null,
            "tags": null,
            "unique_id": "AIDASY3HPPDOCBQSTPBIL"
          },
          "private": "bnVsbA=="
        },
        {
          "index_key": "User8",
          "schema_version": 0,
          "attributes": {
            "arn": "arn:aws:iam::190806194396:user/system/User8",
            "force_destroy": false,
            "id": "User8",
            "name": "User8",
            "path": "/system/",
            "permissions_boundary": null,
            "tags": null,
            "unique_id": "AIDASY3HPPDOAJNE2C3GQ"
          },
          "private": "bnVsbA=="
        },
        {
          "index_key": "User9",
          "schema_version": 0,
          "attributes": {
            "arn": "arn:aws:iam::190806194396:user/system/User9",
            "force_destroy": false,
            "id": "User9",
            "name": "User9",
            "path": "/system/",
            "permissions_boundary": null,
            "tags": null,
            "unique_id": "AIDASY3HPPDOIOJU6AC4G"
          },
          "private": "bnVsbA=="
        }
      ]
    }
  ]
}
